
Microsoft Visual Studio Solution File, Format Version 12.00
# Visual Studio 15
VisualStudioVersion = 15.0.26228.9
MinimumVisualStudioVersion = 10.0.40219.1
Project("{FAE04EC0-301F-11D3-BF4B-00C04F79EFBC}") = "Grapher", "Grapher\Grapher.csproj", "{2617730C-1807-4A37-825D-E252A6E73AC6}"
EndProject
Project("{FAE04EC0-301F-11D3-BF4B-00C04F79EFBC}") = "ZedGraph BackEnd", "..\..\..\Sense-master\ZedGraph BackEnd\ZedGraph BackEnd.csproj", "{CA60B913-299C-4CF4-A815-F9F83C3A39A3}"
EndProject
Global
	GlobalSection(SolutionConfigurationPlatforms) = preSolution
		Debug|Any CPU = Debug|Any CPU
		Release|Any CPU = Release|Any CPU
	EndGlobalSection
	GlobalSection(ProjectConfigurationPlatforms) = postSolution
		{2617730C-1807-4A37-825D-E252A6E73AC6}.Debug|Any CPU.ActiveCfg = Debug|Any CPU
		{2617730C-1807-4A37-825D-E252A6E73AC6}.Debug|Any CPU.Build.0 = Debug|Any CPU
		{2617730C-1807-4A37-825D-E252A6E73AC6}.Release|Any CPU.ActiveCfg = Release|Any CPU
		{2617730C-1807-4A37-825D-E252A6E73AC6}.Release|Any CPU.Build.0 = Release|Any CPU
		{CA60B913-299C-4CF4-A815-F9F83C3A39A3}.Debug|Any CPU.ActiveCfg = Debug|Any CPU
		{CA60B913-299C-4CF4-A815-F9F83C3A39A3}.Debug|Any CPU.Build.0 = Debug|Any CPU
		{CA60B913-299C-4CF4-A815-F9F83C3A39A3}.Release|Any CPU.ActiveCfg = Release|Any CPU
		{CA60B913-299C-4CF4-A815-F9F83C3A39A3}.Release|Any CPU.Build.0 = Release|Any CPU
	EndGlobalSection
	GlobalSection(SolutionProperties) = preSolution
		HideSolutionNode = FALSE
	EndGlobalSection
EndGlobal
